
Microsoft Visual Studio Solution File, Format Version 12.00
# Visual Studio Version 17
Project("{8BC9CEB8-8B4A-11D0-8D11-00A0C91BC942}") = "ALL_BUILD", "ALL_BUILD.vcxproj", "{8597F804-8153-3E9E-B671-2C5AAE5866CB}"
	ProjectSection(ProjectDependencies) = postProject
		{5D3AF0B8-71B8-3E4E-9775-DAA49B7598CC} = {5D3AF0B8-71B8-3E4E-9775-DAA49B7598CC}
		{BB353077-E601-395C-9BD9-02975BBF1452} = {BB353077-E601-395C-9BD9-02975BBF1452}
	EndProjectSection
EndProject
Project("{8BC9CEB8-8B4A-11D0-8D11-00A0C91BC942}") = "ZERO_CHECK", "ZERO_CHECK.vcxproj", "{5D3AF0B8-71B8-3E4E-9775-DAA49B7598CC}"
	ProjectSection(ProjectDependencies) = postProject
	EndProjectSection
EndProject
Project("{8BC9CEB8-8B4A-11D0-8D11-00A0C91BC942}") = "laba_2", "laba_2.vcxproj", "{BB353077-E601-395C-9BD9-02975BBF1452}"
	ProjectSection(ProjectDependencies) = postProject
		{5D3AF0B8-71B8-3E4E-9775-DAA49B7598CC} = {5D3AF0B8-71B8-3E4E-9775-DAA49B7598CC}
	EndProjectSection
EndProject
Global
	GlobalSection(SolutionConfigurationPlatforms) = preSolution
		Debug|x64 = Debug|x64
		Release|x64 = Release|x64
		MinSizeRel|x64 = MinSizeRel|x64
		RelWithDebInfo|x64 = RelWithDebInfo|x64
	EndGlobalSection
	GlobalSection(ProjectConfigurationPlatforms) = postSolution
		{8597F804-8153-3E9E-B671-2C5AAE5866CB}.Debug|x64.ActiveCfg = Debug|x64
		{8597F804-8153-3E9E-B671-2C5AAE5866CB}.Release|x64.ActiveCfg = Release|x64
		{8597F804-8153-3E9E-B671-2C5AAE5866CB}.MinSizeRel|x64.ActiveCfg = MinSizeRel|x64
		{8597F804-8153-3E9E-B671-2C5AAE5866CB}.RelWithDebInfo|x64.ActiveCfg = RelWithDebInfo|x64
		{5D3AF0B8-71B8-3E4E-9775-DAA49B7598CC}.Debug|x64.ActiveCfg = Debug|x64
		{5D3AF0B8-71B8-3E4E-9775-DAA49B7598CC}.Debug|x64.Build.0 = Debug|x64
		{5D3AF0B8-71B8-3E4E-9775-DAA49B7598CC}.Release|x64.ActiveCfg = Release|x64
		{5D3AF0B8-71B8-3E4E-9775-DAA49B7598CC}.Release|x64.Build.0 = Release|x64
		{5D3AF0B8-71B8-3E4E-9775-DAA49B7598CC}.MinSizeRel|x64.ActiveCfg = MinSizeRel|x64
		{5D3AF0B8-71B8-3E4E-9775-DAA49B7598CC}.MinSizeRel|x64.Build.0 = MinSizeRel|x64
		{5D3AF0B8-71B8-3E4E-9775-DAA49B7598CC}.RelWithDebInfo|x64.ActiveCfg = RelWithDebInfo|x64
		{5D3AF0B8-71B8-3E4E-9775-DAA49B7598CC}.RelWithDebInfo|x64.Build.0 = RelWithDebInfo|x64
		{BB353077-E601-395C-9BD9-02975BBF1452}.Debug|x64.ActiveCfg = Debug|x64
		{BB353077-E601-395C-9BD9-02975BBF1452}.Debug|x64.Build.0 = Debug|x64
		{BB353077-E601-395C-9BD9-02975BBF1452}.Release|x64.ActiveCfg = Release|x64
		{BB353077-E601-395C-9BD9-02975BBF1452}.Release|x64.Build.0 = Release|x64
		{BB353077-E601-395C-9BD9-02975BBF1452}.MinSizeRel|x64.ActiveCfg = MinSizeRel|x64
		{BB353077-E601-395C-9BD9-02975BBF1452}.MinSizeRel|x64.Build.0 = MinSizeRel|x64
		{BB353077-E601-395C-9BD9-02975BBF1452}.RelWithDebInfo|x64.ActiveCfg = RelWithDebInfo|x64
		{BB353077-E601-395C-9BD9-02975BBF1452}.RelWithDebInfo|x64.Build.0 = RelWithDebInfo|x64
	EndGlobalSection
	GlobalSection(ExtensibilityGlobals) = postSolution
		SolutionGuid = {21016E6A-FF67-3F23-B85B-D8F1E9B7F089}
	EndGlobalSection
	GlobalSection(ExtensibilityAddIns) = postSolution
	EndGlobalSection
EndGlobal
